
Microsoft Visual Studio Solution File, Format Version 12.00
# Visual Studio 14
VisualStudioVersion = 14.0.23107.0
MinimumVisualStudioVersion = 10.0.40219.1
Project("{FAE04EC0-301F-11D3-BF4B-00C04F79EFBC}") = "Algorithm", "Algorithm\Algorithm.csproj", "{331EA669-6090-45A9-BB7E-63E0404ECAE5}"
EndProject
Project("{FAE04EC0-301F-11D3-BF4B-00C04F79EFBC}") = "BalancedDelimiter", "BalancedDelimiter\BalancedDelimiter.csproj", "{583370E5-CB5D-48C8-91A3-F367DD8E671F}"
EndProject
Project("{FAE04EC0-301F-11D3-BF4B-00C04F79EFBC}") = "QueueusingtwoSingleLinkedList", "QueueusingtwoSingleLinkedList\QueueusingtwoSingleLinkedList.csproj", "{5E07202A-3937-4576-8100-EE500DD60B22}"
EndProject
Project("{FAE04EC0-301F-11D3-BF4B-00C04F79EFBC}") = "SinglelyLinkedList", "SinglelyLinkedList\SinglelyLinkedList.csproj", "{0532D5F0-31C6-4391-AD89-619303052021}"
EndProject
Project("{FAE04EC0-301F-11D3-BF4B-00C04F79EFBC}") = "towerofhanoi", "towerofhanoi\towerofhanoi.csproj", "{67CD6092-CB26-4158-A5E3-295D7854C9C3}"
EndProject
Project("{FAE04EC0-301F-11D3-BF4B-00C04F79EFBC}") = "UncoupledInt", "ConsoleApplication1\UncoupledInt.csproj", "{D1ABA599-03C3-4325-9B59-5210692C0EA7}"
EndProject
Project("{FAE04EC0-301F-11D3-BF4B-00C04F79EFBC}") = "TargetSum", "TargetSum\TargetSum.csproj", "{DC8EC1EE-0904-4898-86BC-B765744838FC}"
EndProject
Project("{FAE04EC0-301F-11D3-BF4B-00C04F79EFBC}") = "StackMinimum", "StackMinimum\StackMinimum.csproj", "{C6378F39-DC2B-438F-BA0F-5D44AA979AC1}"
EndProject
Global
	GlobalSection(SolutionConfigurationPlatforms) = preSolution
		Debug|Any CPU = Debug|Any CPU
		Release|Any CPU = Release|Any CPU
	EndGlobalSection
	GlobalSection(ProjectConfigurationPlatforms) = postSolution
		{331EA669-6090-45A9-BB7E-63E0404ECAE5}.Debug|Any CPU.ActiveCfg = Debug|Any CPU
		{331EA669-6090-45A9-BB7E-63E0404ECAE5}.Debug|Any CPU.Build.0 = Debug|Any CPU
		{331EA669-6090-45A9-BB7E-63E0404ECAE5}.Release|Any CPU.ActiveCfg = Release|Any CPU
		{331EA669-6090-45A9-BB7E-63E0404ECAE5}.Release|Any CPU.Build.0 = Release|Any CPU
		{583370E5-CB5D-48C8-91A3-F367DD8E671F}.Debug|Any CPU.ActiveCfg = Debug|Any CPU
		{583370E5-CB5D-48C8-91A3-F367DD8E671F}.Debug|Any CPU.Build.0 = Debug|Any CPU
		{583370E5-CB5D-48C8-91A3-F367DD8E671F}.Release|Any CPU.ActiveCfg = Release|Any CPU
		{583370E5-CB5D-48C8-91A3-F367DD8E671F}.Release|Any CPU.Build.0 = Release|Any CPU
		{5E07202A-3937-4576-8100-EE500DD60B22}.Debug|Any CPU.ActiveCfg = Debug|Any CPU
		{5E07202A-3937-4576-8100-EE500DD60B22}.Debug|Any CPU.Build.0 = Debug|Any CPU
		{5E07202A-3937-4576-8100-EE500DD60B22}.Release|Any CPU.ActiveCfg = Release|Any CPU
		{5E07202A-3937-4576-8100-EE500DD60B22}.Release|Any CPU.Build.0 = Release|Any CPU
		{0532D5F0-31C6-4391-AD89-619303052021}.Debug|Any CPU.ActiveCfg = Debug|Any CPU
		{0532D5F0-31C6-4391-AD89-619303052021}.Debug|Any CPU.Build.0 = Debug|Any CPU
		{0532D5F0-31C6-4391-AD89-619303052021}.Release|Any CPU.ActiveCfg = Release|Any CPU
		{0532D5F0-31C6-4391-AD89-619303052021}.Release|Any CPU.Build.0 = Release|Any CPU
		{67CD6092-CB26-4158-A5E3-295D7854C9C3}.Debug|Any CPU.ActiveCfg = Debug|Any CPU
		{67CD6092-CB26-4158-A5E3-295D7854C9C3}.Debug|Any CPU.Build.0 = Debug|Any CPU
		{67CD6092-CB26-4158-A5E3-295D7854C9C3}.Release|Any CPU.ActiveCfg = Release|Any CPU
		{67CD6092-CB26-4158-A5E3-295D7854C9C3}.Release|Any CPU.Build.0 = Release|Any CPU
		{D1ABA599-03C3-4325-9B59-5210692C0EA7}.Debug|Any CPU.ActiveCfg = Debug|Any CPU
		{D1ABA599-03C3-4325-9B59-5210692C0EA7}.Debug|Any CPU.Build.0 = Debug|Any CPU
		{D1ABA599-03C3-4325-9B59-5210692C0EA7}.Release|Any CPU.ActiveCfg = Release|Any CPU
		{D1ABA599-03C3-4325-9B59-5210692C0EA7}.Release|Any CPU.Build.0 = Release|Any CPU
		{DC8EC1EE-0904-4898-86BC-B765744838FC}.Debug|Any CPU.ActiveCfg = Debug|Any CPU
		{DC8EC1EE-0904-4898-86BC-B765744838FC}.Debug|Any CPU.Build.0 = Debug|Any CPU
		{DC8EC1EE-0904-4898-86BC-B765744838FC}.Release|Any CPU.ActiveCfg = Release|Any CPU
		{DC8EC1EE-0904-4898-86BC-B765744838FC}.Release|Any CPU.Build.0 = Release|Any CPU
		{C6378F39-DC2B-438F-BA0F-5D44AA979AC1}.Debug|Any CPU.ActiveCfg = Debug|Any CPU
		{C6378F39-DC2B-438F-BA0F-5D44AA979AC1}.Debug|Any CPU.Build.0 = Debug|Any CPU
		{C6378F39-DC2B-438F-BA0F-5D44AA979AC1}.Release|Any CPU.ActiveCfg = Release|Any CPU
		{C6378F39-DC2B-438F-BA0F-5D44AA979AC1}.Release|Any CPU.Build.0 = Release|Any CPU
	EndGlobalSection
	GlobalSection(SolutionProperties) = preSolution
		HideSolutionNode = FALSE
	EndGlobalSection
EndGlobal
